# This file is automatically @generated by Poetry 1.4.0 and should not be changed by hand.

[[package]]
name = "autopep8"
version = "2.0.2"
description = "A tool that automatically formats Python code to conform to the PEP 8 style guide"
category = "dev"
optional = false
python-versions = ">=3.6"
files = [
    {file = "autopep8-2.0.2-py2.py3-none-any.whl", hash = "sha256:86e9303b5e5c8160872b2f5ef611161b2893e9bfe8ccc7e2f76385947d57a2f1"},
    {file = "autopep8-2.0.2.tar.gz", hash = "sha256:f9849cdd62108cb739dbcdbfb7fdcc9a30d1b63c4cc3e1c1f893b5360941b61c"},
]

[package.dependencies]
pycodestyle = ">=2.10.0"
tomli = {version = "*", markers = "python_version < \"3.11\""}

[[package]]
name = "docopt"
version = "0.6.2"
description = "Pythonic argument parser, that will make you smile"
category = "main"
optional = false
python-versions = "*"
files = [
    {file = "docopt-0.6.2.tar.gz", hash = "sha256:49b3a825280bd66b3aa83585ef59c4a8c82f2c8a522dbe754a8bc8d08c85c491"},
]

[[package]]
name = "flake8"
version = "2.5.5"
description = "the modular source code checker: pep8, pyflakes and co"
category = "main"
optional = false
python-versions = "*"
files = [
    {file = "flake8-2.5.5-py2.py3-none-any.whl", hash = "sha256:80a66cd9bd66b0679da030fc930c0a4d09237dd72f354d899427b5c6718223b9"},
    {file = "flake8-2.5.5.tar.gz", hash = "sha256:326a54ace7878a5ad1538110f2145bc6a134df43fff290475fd4e7ba38a6deea"},
]

[package.dependencies]
mccabe = ">=0.2.1,<0.5"
pep8 = ">=1.5.7,<1.6.0 || >1.6.0,<1.6.1 || >1.6.1,<1.6.2 || >1.6.2"
pyflakes = ">=0.8.1,<1.1"

[[package]]
name = "mccabe"
version = "0.4.0"
description = "McCabe checker, plugin for flake8"
category = "main"
optional = false
python-versions = "*"
files = [
    {file = "mccabe-0.4.0-py2.py3-none-any.whl", hash = "sha256:cbc2938f6c01061bc6d21d0c838c2489664755cb18676f0734d7617f4577d09e"},
    {file = "mccabe-0.4.0.tar.gz", hash = "sha256:9a2b12ebd876e77c72e41ebf401cc2e7c5b566649d50105ca49822688642207b"},
]

[[package]]
name = "pep8"
version = "1.7.1"
description = "Python style guide checker"
category = "main"
optional = false
python-versions = "*"
files = [
    {file = "pep8-1.7.1-py2.py3-none-any.whl", hash = "sha256:b22cfae5db09833bb9bd7c8463b53e1a9c9b39f12e304a8d0bba729c501827ee"},
    {file = "pep8-1.7.1.tar.gz", hash = "sha256:fe249b52e20498e59e0b5c5256aa52ee99fc295b26ec9eaa85776ffdb9fe6374"},
]

[[package]]
name = "pycapnp"
version = "1.3.0"
description = "A cython wrapping of the C++ Cap'n Proto library"
category = "main"
optional = false
python-versions = "*"
files = [
    {file = "pycapnp-1.3.0-cp310-cp310-macosx_11_0_arm64.whl", hash = "sha256:1410e38d1cd1d08fb36c781e8a91b2044306d18775524dfd6c8a3b83e665f47f"},
    {file = "pycapnp-1.3.0-cp310-cp310-macosx_11_0_x86_64.whl", hash = "sha256:debb37f96db664c140e557855ba433ea59fdf714cff358a50a619e007387692b"},
    {file = "pycapnp-1.3.0-cp310-cp310-manylinux_2_17_aarch64.manylinux2014_aarch64.whl", hash = "sha256:108582647317c0f3a52ab1c615333d48546cede475887ebf8a055d1d6f20f249"},
    {file = "pycapnp-1.3.0-cp310-cp310-manylinux_2_17_i686.manylinux2014_i686.whl", hash = "sha256:1451d131ae0715b840eda1d0c84ea3909b637ac28554a13e57c089aef09e4f36"},
    {file = "pycapnp-1.3.0-cp310-cp310-manylinux_2_17_x86_64.manylinux2014_x86_64.whl", hash = "sha256:4c09d0ea8bc6d6d101a1642f4d9366d929cacd3966bc510a7cd5b14df2fa2986"},
    {file = "pycapnp-1.3.0-cp310-cp310-win_amd64.whl", hash = "sha256:f26bb24bd28db2a6f99b7d17178112103dedef0ee275204f705e86936513c240"},
    {file = "pycapnp-1.3.0-cp311-cp311-macosx_10_9_universal2.whl", hash = "sha256:90c07b969d90d012d0d309ec4c44605ad2d8f91595dcdf8ccc1ee798bf723b77"},
    {file = "pycapnp-1.3.0-cp311-cp311-macosx_11_0_arm64.whl", hash = "sha256:70a9d155d0dc17d343f295ae2228fb0436af329eab941e3b6637d5f5a050616d"},
    {file = "pycapnp-1.3.0-cp311-cp311-manylinux_2_17_aarch64.manylinux2014_aarch64.whl", hash = "sha256:6cb575ab47069f990dc353d0c12f62013b08d0c00ba10c1aebffdc3150abd292"},
    {file = "pycapnp-1.3.0-cp311-cp311-manylinux_2_17_i686.manylinux2014_i686.whl", hash = "sha256:1ba3adae76801b1a4c7c0f96367bdd153286469c45223bf6b50057e5d077e5d2"},
    {file = "pycapnp-1.3.0-cp311-cp311-manylinux_2_17_x86_64.manylinux2014_x86_64.whl", hash = "sha256:bc939f85720451b1d4a05603b127c0ae241e67fcc43121685b906aa3da08d624"},
    {file = "pycapnp-1.3.0-cp311-cp311-win_amd64.whl", hash = "sha256:9d6af7aba49eda201243b0fbcb410b3a8a789a2f7b86adafbde7e95234a07e85"},
    {file = "pycapnp-1.3.0-cp37-cp37m-macosx_10_15_x86_64.whl", hash = "sha256:32e56829e05fc54e14a8b40076d0a0958acef835379c6e39c26648cb754b9011"},
    {file = "pycapnp-1.3.0-cp37-cp37m-macosx_11_0_arm64.whl", hash = "sha256:f9d29bf65a5fb6cca1d0ed56cd2b0e6b1f63d47af72dfced80bbf6a8315aa2ae"},
    {file = "pycapnp-1.3.0-cp37-cp37m-manylinux_2_17_aarch64.manylinux2014_aarch64.whl", hash = "sha256:8389da70ff8c4008a0aabcdbf04e272aebb0c71476bc29cb7fbefb9ae579c947"},
    {file = "pycapnp-1.3.0-cp37-cp37m-manylinux_2_17_i686.manylinux2014_i686.whl", hash = "sha256:432b9d49bde68eca83b10f04791c65dc9a2070afcbd406703c4f4a073f02061c"},
    {file = "pycapnp-1.3.0-cp37-cp37m-manylinux_2_17_x86_64.manylinux2014_x86_64.whl", hash = "sha256:cda76deffa45e567354234d2c21e084251dc270ba226e8d9863406c54e9cb87f"},
    {file = "pycapnp-1.3.0-cp37-cp37m-win_amd64.whl", hash = "sha256:e351748b9a1bc3e6379183a24e1e68ecf4f76943872f63c8d42f206523b78cbb"},
    {file = "pycapnp-1.3.0-cp38-cp38-macosx_10_15_x86_64.whl", hash = "sha256:ff4a67282af21fb6a16b99f7d2397c4c6462b3a59b9b751e6860ccfb5c838398"},
    {file = "pycapnp-1.3.0-cp38-cp38-macosx_11_0_arm64.whl", hash = "sha256:f6f011ce96049cff07502e76d91e2a037234aa89bd4fc299c95e403797a73dae"},
    {file = "pycapnp-1.3.0-cp38-cp38-manylinux_2_17_aarch64.manylinux2014_aarch64.whl", hash = "sha256:b02fd11a155aca4e1b507bc7bd91963ec9a7695d5235837229d105d920385514"},
    {file = "pycapnp-1.3.0-cp38-cp38-manylinux_2_17_i686.manylinux2014_i686.whl", hash = "sha256:c0bfdbae7344835c287be2ca9f3e9fdf8f208941933fb77f6252a937917347de"},
    {file = "pycapnp-1.3.0-cp38-cp38-manylinux_2_17_x86_64.manylinux2014_x86_64.whl", hash = "sha256:fa7d2e0c22fb4f1c7bf44630170ba06df4e1fb47f0977df1d5fe425dc74ce354"},
    {file = "pycapnp-1.3.0-cp38-cp38-win_amd64.whl", hash = "sha256:b82d5c2ed388157b01ae7fbf754fd677d069150336ee74d6f286936af8ce0f18"},
    {file = "pycapnp-1.3.0-cp39-cp39-macosx_11_0_arm64.whl", hash = "sha256:02acfc8d94ed0c2e1b68cde6c845149b5c89eb4c5a71c7fe4978a70370cb17b5"},
    {file = "pycapnp-1.3.0-cp39-cp39-macosx_11_0_x86_64.whl", hash = "sha256:9333029a4c4f71942666ee1eb051740c38c27b034eca4c73d09f26217e2b2dc4"},
    {file = "pycapnp-1.3.0-cp39-cp39-manylinux_2_17_aarch64.manylinux2014_aarch64.whl", hash = "sha256:886c09a5802b3ec232a8cd64f44c092bbf3daa1c0ff66942f1f6b9943a71a909"},
    {file = "pycapnp-1.3.0-cp39-cp39-manylinux_2_17_i686.manylinux2014_i686.whl", hash = "sha256:77c95991b4fc30fd336e3cbed4ffd3fb23aa647427bc96cafd0f77ec5b046766"},
    {file = "pycapnp-1.3.0-cp39-cp39-manylinux_2_17_x86_64.manylinux2014_x86_64.whl", hash = "sha256:223f600854f46009715231237a02c18a6e5b28492c0976d6602c0d73021c9d3a"},
    {file = "pycapnp-1.3.0-cp39-cp39-win_amd64.whl", hash = "sha256:45e52d201d4d2ae9ee3290cae8f62c1af982ca2d7a7eaa0b58f53ada9a07c877"},
    {file = "pycapnp-1.3.0.tar.gz", hash = "sha256:7cf514c3068064e593d0401503f7a623c24c55776702a7a2d9cad9854710aa56"},
]

[[package]]
name = "pycodestyle"
version = "2.10.0"
description = "Python style guide checker"
category = "dev"
optional = false
python-versions = ">=3.6"
files = [
    {file = "pycodestyle-2.10.0-py2.py3-none-any.whl", hash = "sha256:8a4eaf0d0495c7395bdab3589ac2db602797d76207242c17d470186815706610"},
    {file = "pycodestyle-2.10.0.tar.gz", hash = "sha256:347187bdb476329d98f695c213d7295a846d1152ff4fe9bacb8a9590b8ee7053"},
]

[[package]]
name = "pyflakes"
version = "1.0.0"
description = "passive checker of Python programs"
category = "main"
optional = false
python-versions = "*"
files = [
    {file = "pyflakes-1.0.0-py2.py3-none-any.whl", hash = "sha256:071d121e9e7b33058aa1ba5de7bce9b97bfa3149cfe1acbb6587c21fc1c8eda1"},
    {file = "pyflakes-1.0.0.tar.gz", hash = "sha256:f39e33a4c03beead8774f005bd3ecf0c3f2f264fa0201de965fce0aff1d34263"},
]

[[package]]
name = "tomli"
version = "2.0.1"
description = "A lil' TOML parser"
category = "dev"
optional = false
python-versions = ">=3.7"
files = [
    {file = "tomli-2.0.1-py3-none-any.whl", hash = "sha256:939de3e7a6161af0c887ef91b7d41a53e7c5a1ca976325f429cb46ea9bc30ecc"},
    {file = "tomli-2.0.1.tar.gz", hash = "sha256:de526c12914f0c550d15924c62d72abc48d6fe7364aa87328337a31007fe8a4f"},
]

[metadata]
lock-version = "2.0"
python-versions = "^3.7"
content-hash = "02aa8267c9d0db38e17c525424b16c23348a4b3c82e64c5670c8bcc00a1f30f3"
